
Microsoft Visual Studio Solution File, Format Version 12.00
# Visual Studio Version 17
VisualStudioVersion = 17.4.33213.308
MinimumVisualStudioVersion = 10.0.40219.1
Project("{FAE04EC0-301F-11D3-BF4B-00C04F79EFBC}") = "MODUL4_1302213077", "MODUL4_1302213077\MODUL4_1302213077.csproj", "{4CA2C3B6-4CAB-4746-AC0D-B10AB354C14C}"
EndProject
Global
	GlobalSection(SolutionConfigurationPlatforms) = preSolution
		Debug|Any CPU = Debug|Any CPU
		Release|Any CPU = Release|Any CPU
	EndGlobalSection
	GlobalSection(ProjectConfigurationPlatforms) = postSolution
		{4CA2C3B6-4CAB-4746-AC0D-B10AB354C14C}.Debug|Any CPU.ActiveCfg = Debug|Any CPU
		{4CA2C3B6-4CAB-4746-AC0D-B10AB354C14C}.Debug|Any CPU.Build.0 = Debug|Any CPU
		{4CA2C3B6-4CAB-4746-AC0D-B10AB354C14C}.Release|Any CPU.ActiveCfg = Release|Any CPU
		{4CA2C3B6-4CAB-4746-AC0D-B10AB354C14C}.Release|Any CPU.Build.0 = Release|Any CPU
	EndGlobalSection
	GlobalSection(SolutionProperties) = preSolution
		HideSolutionNode = FALSE
	EndGlobalSection
	GlobalSection(ExtensibilityGlobals) = postSolution
		SolutionGuid = {C931E093-D788-4F48-9A99-C09C6A5E1BA2}
	EndGlobalSection
EndGlobal
